Microsoft Visual Studio Solution File, Format Version 11.00
# Visual Studio 2012
Project("{F184B08F-C81C-45F6-A57F-5ABD9991F28F}") = "AnimateCells", "AnimateCells\AnimateCells.vbproj", "{9EA5A57D-0DE7-4C87-94A0-E151D3340BC1}"
EndProject
Global
	GlobalSection(SolutionConfigurationPlatforms) = preSolution
		Debug|Any CPU = Debug|Any CPU
		Release|Any CPU = Release|Any CPU
	EndGlobalSection
	GlobalSection(ProjectConfigurationPlatforms) = postSolution
		{9EA5A57D-0DE7-4C87-94A0-E151D3340BC1}.Debug|Any CPU.ActiveCfg = Debug|Any CPU
		{9EA5A57D-0DE7-4C87-94A0-E151D3340BC1}.Debug|Any CPU.Build.0 = Debug|Any CPU
		{9EA5A57D-0DE7-4C87-94A0-E151D3340BC1}.Release|Any CPU.ActiveCfg = Release|Any CPU
		{9EA5A57D-0DE7-4C87-94A0-E151D3340BC1}.Release|Any CPU.Build.0 = Release|Any CPU
	EndGlobalSection
	GlobalSection(SolutionProperties) = preSolution
		HideSolutionNode = FALSE
	EndGlobalSection
EndGlobal
